
Microsoft Visual Studio Solution File, Format Version 12.00
# Visual Studio 15
VisualStudioVersion = 15.0.28307.852
MinimumVisualStudioVersion = 10.0.40219.1
Project("{FAE04EC0-301F-11D3-BF4B-00C04F79EFBC}") = "Galen Framework", "Galen Framework\Galen Framework.csproj", "{3530D383-050C-4A46-9DCF-ED6FC4EA7D27}"
EndProject
Project("{FAE04EC0-301F-11D3-BF4B-00C04F79EFBC}") = "TestGalen", "TestGalen\TestGalen.csproj", "{826677F4-E524-42C1-9816-00436A03B257}"
EndProject
Global
	GlobalSection(SolutionConfigurationPlatforms) = preSolution
		Debug|Any CPU = Debug|Any CPU
		Release|Any CPU = Release|Any CPU
	EndGlobalSection
	GlobalSection(ProjectConfigurationPlatforms) = postSolution
		{3530D383-050C-4A46-9DCF-ED6FC4EA7D27}.Debug|Any CPU.ActiveCfg = Debug|Any CPU
		{3530D383-050C-4A46-9DCF-ED6FC4EA7D27}.Debug|Any CPU.Build.0 = Debug|Any CPU
		{3530D383-050C-4A46-9DCF-ED6FC4EA7D27}.Release|Any CPU.ActiveCfg = Release|Any CPU
		{3530D383-050C-4A46-9DCF-ED6FC4EA7D27}.Release|Any CPU.Build.0 = Release|Any CPU
		{826677F4-E524-42C1-9816-00436A03B257}.Debug|Any CPU.ActiveCfg = Debug|Any CPU
		{826677F4-E524-42C1-9816-00436A03B257}.Debug|Any CPU.Build.0 = Debug|Any CPU
		{826677F4-E524-42C1-9816-00436A03B257}.Release|Any CPU.ActiveCfg = Release|Any CPU
		{826677F4-E524-42C1-9816-00436A03B257}.Release|Any CPU.Build.0 = Release|Any CPU
	EndGlobalSection
	GlobalSection(SolutionProperties) = preSolution
		HideSolutionNode = FALSE
	EndGlobalSection
	GlobalSection(ExtensibilityGlobals) = postSolution
		SolutionGuid = {089408D9-708C-4736-B359-6533D06F647E}
	EndGlobalSection
EndGlobal
